{
  "nodes": {
    "catppuccin-bat": {
      "flake": false,
      "locked": {
        "lastModified": 1751237777,
        "narHash": "sha256-lJapSgRVENTrbmpVyn+UQabC9fpV1G1e+CdlJ090uvg=",
        "owner": "catppuccin",
        "repo": "bat",
        "rev": "6810349b28055dce54076712fc05fc68da4b8ec0",
        "type": "github"
      },
      "original": {
        "owner": "catppuccin",
        "repo": "bat",
        "type": "github"
      }
    },
    "flake-compat": {
      "flake": false,
      "locked": {
        "lastModified": 1761588595,
        "narHash": "sha256-XKUZz9zewJNUj46b4AJdiRZJAvSZ0Dqj2BNfXvFlJC4=",
        "owner": "edolstra",
        "repo": "flake-compat",
        "rev": "f387cd2afec9419c8ee37694406ca490c3f34ee5",
        "type": "github"
      },
      "original": {
        "owner": "edolstra",
        "repo": "flake-compat",
        "type": "github"
      }
    },
    "home-manager": {
      "inputs": {
        "nixpkgs": [
          "nixpkgs"
        ]
      },
      "locked": {
        "lastModified": 1764736867,
        "narHash": "sha256-Q/+03EAvtzCbhGXv7yLsYh+pXIzLUgibpQKxo5CI2bk=",
        "owner": "nix-community",
        "repo": "home-manager",
        "rev": "bcc7afa1d873ead5932fbb4d42f1916a9627c084",
        "type": "github"
      },
      "original": {
        "owner": "nix-community",
        "ref": "master",
        "repo": "home-manager",
        "type": "github"
      }
    },
    "myRepo": {
      "inputs": {
        "nixpkgs": [
          "nixpkgs"
        ]
      },
      "locked": {
        "lastModified": 1734513936,
        "narHash": "sha256-pIs4xVtH6QsZEZjEv9FP6wX15s4BVKtQLw0wDf14Hes=",
        "owner": "hizuhi",
        "repo": "nur-packages",
        "rev": "d0e5736aeb478b6b8518aca4dcc4f2ce29e2aeb4",
        "type": "github"
      },
      "original": {
        "owner": "hizuhi",
        "repo": "nur-packages",
        "type": "github"
      }
    },
    "nixos-wsl": {
      "inputs": {
        "flake-compat": "flake-compat",
        "nixpkgs": "nixpkgs"
      },
      "locked": {
        "lastModified": 1764730608,
        "narHash": "sha256-FxKIa3OCSRVC23qrk7VT68vExUcmSruJ8OobVlSWOxc=",
        "owner": "nix-community",
        "repo": "NixOS-WSL",
        "rev": "10124c58674360765adcb38c9a8b081fb72904e4",
        "type": "github"
      },
      "original": {
        "owner": "nix-community",
        "ref": "main",
        "repo": "NixOS-WSL",
        "type": "github"
      }
    },
    "nixpkgs": {
      "locked": {
        "lastModified": 1764517877,
        "narHash": "sha256-pp3uT4hHijIC8JUK5MEqeAWmParJrgBVzHLNfJDZxg4=",
        "owner": "NixOS",
        "repo": "nixpkgs",
        "rev": "2d293cbfa5a793b4c50d17c05ef9e385b90edf6c",
        "type": "github"
      },
      "original": {
        "owner": "NixOS",
        "ref": "nixos-unstable",
        "repo": "nixpkgs",
        "type": "github"
      }
    },
    "nixpkgs_2": {
      "locked": {
        "lastModified": 1764517877,
        "narHash": "sha256-pp3uT4hHijIC8JUK5MEqeAWmParJrgBVzHLNfJDZxg4=",
        "owner": "nixos",
        "repo": "nixpkgs",
        "rev": "2d293cbfa5a793b4c50d17c05ef9e385b90edf6c",
        "type": "github"
      },
      "original": {
        "owner": "nixos",
        "ref": "nixos-unstable",
        "repo": "nixpkgs",
        "type": "github"
      }
    },
    "root": {
      "inputs": {
        "catppuccin-bat": "catppuccin-bat",
        "home-manager": "home-manager",
        "myRepo": "myRepo",
        "nixos-wsl": "nixos-wsl",
        "nixpkgs": "nixpkgs_2"
      }
    }
  },
  "root": "root",
  "version": 7
}
